
Microsoft Visual Studio Solution File, Format Version 12.00
# Visual Studio 15
VisualStudioVersion = 15.0.27703.2042
MinimumVisualStudioVersion = 10.0.40219.1
Project("{FAE04EC0-301F-11D3-BF4B-00C04F79EFBC}") = "123", "123\123.csproj", "{BBC16183-CA1C-441C-B208-7A01065DF9B0}"
EndProject
Global
	GlobalSection(SolutionConfigurationPlatforms) = preSolution
		Debug|Any CPU = Debug|Any CPU
		Release|Any CPU = Release|Any CPU
	EndGlobalSection
	GlobalSection(ProjectConfigurationPlatforms) = postSolution
		{BBC16183-CA1C-441C-B208-7A01065DF9B0}.Debug|Any CPU.ActiveCfg = Debug|Any CPU
		{BBC16183-CA1C-441C-B208-7A01065DF9B0}.Debug|Any CPU.Build.0 = Debug|Any CPU
		{BBC16183-CA1C-441C-B208-7A01065DF9B0}.Release|Any CPU.ActiveCfg = Release|Any CPU
		{BBC16183-CA1C-441C-B208-7A01065DF9B0}.Release|Any CPU.Build.0 = Release|Any CPU
	EndGlobalSection
	GlobalSection(SolutionProperties) = preSolution
		HideSolutionNode = FALSE
	EndGlobalSection
	GlobalSection(ExtensibilityGlobals) = postSolution
		SolutionGuid = {FBFF4703-99B2-4552-B2B1-5841BF3A5EC6}
	EndGlobalSection
EndGlobal
